
Microsoft Visual Studio Solution File, Format Version 12.00
# Visual Studio Version 17
VisualStudioVersion = 17.4.33122.133
MinimumVisualStudioVersion = 10.0.40219.1
Project("{FAE04EC0-301F-11D3-BF4B-00C04F79EFBC}") = "StudentForm", "StudentForm.csproj", "{66959995-E146-443D-99BA-0FF4A937A01A}"
EndProject
Global
	GlobalSection(SolutionConfigurationPlatforms) = preSolution
		Debug|Any CPU = Debug|Any CPU
		Release|Any CPU = Release|Any CPU
	EndGlobalSection
	GlobalSection(ProjectConfigurationPlatforms) = postSolution
		{66959995-E146-443D-99BA-0FF4A937A01A}.Debug|Any CPU.ActiveCfg = Debug|Any CPU
		{66959995-E146-443D-99BA-0FF4A937A01A}.Debug|Any CPU.Build.0 = Debug|Any CPU
		{66959995-E146-443D-99BA-0FF4A937A01A}.Release|Any CPU.ActiveCfg = Release|Any CPU
		{66959995-E146-443D-99BA-0FF4A937A01A}.Release|Any CPU.Build.0 = Release|Any CPU
	EndGlobalSection
	GlobalSection(SolutionProperties) = preSolution
		HideSolutionNode = FALSE
	EndGlobalSection
	GlobalSection(ExtensibilityGlobals) = postSolution
		SolutionGuid = {3F81DFDB-0A0A-43BB-B095-A9317A44BC18}
	EndGlobalSection
EndGlobal
